
Microsoft Visual Studio Solution File, Format Version 12.00
# Visual Studio 14
VisualStudioVersion = 14.0.25420.1
MinimumVisualStudioVersion = 10.0.40219.1
Project("{FAE04EC0-301F-11D3-BF4B-00C04F79EFBC}") = "PoliceInfo", "PoliceInfo\PoliceInfo.csproj", "{449C3F10-4887-4F52-BA52-A2509753BF33}"
EndProject
Project("{FAE04EC0-301F-11D3-BF4B-00C04F79EFBC}") = "Models", "Models\Models.csproj", "{82AFADBB-FA0D-4669-B175-264890730C8D}"
EndProject
Project("{FAE04EC0-301F-11D3-BF4B-00C04F79EFBC}") = "DAL", "DAL\DAL.csproj", "{C0AF6461-6619-4A45-A00D-A27C0AAF3852}"
EndProject
Global
	GlobalSection(SolutionConfigurationPlatforms) = preSolution
		CD_ROM|Any CPU = CD_ROM|Any CPU
		CD_ROM|x86 = CD_ROM|x86
		Debug|Any CPU = Debug|Any CPU
		Debug|x86 = Debug|x86
		DVD-5|Any CPU = DVD-5|Any CPU
		DVD-5|x86 = DVD-5|x86
		Release|Any CPU = Release|Any CPU
		Release|x86 = Release|x86
		SingleImage|Any CPU = SingleImage|Any CPU
		SingleImage|x86 = SingleImage|x86
	EndGlobalSection
	GlobalSection(ProjectConfigurationPlatforms) = postSolution
		{449C3F10-4887-4F52-BA52-A2509753BF33}.CD_ROM|Any CPU.ActiveCfg = Release|Any CPU
		{449C3F10-4887-4F52-BA52-A2509753BF33}.CD_ROM|Any CPU.Build.0 = Release|Any CPU
		{449C3F10-4887-4F52-BA52-A2509753BF33}.CD_ROM|x86.ActiveCfg = Release|x86
		{449C3F10-4887-4F52-BA52-A2509753BF33}.CD_ROM|x86.Build.0 = Release|x86
		{449C3F10-4887-4F52-BA52-A2509753BF33}.Debug|Any CPU.ActiveCfg = Debug|Any CPU
		{449C3F10-4887-4F52-BA52-A2509753BF33}.Debug|Any CPU.Build.0 = Debug|Any CPU
		{449C3F10-4887-4F52-BA52-A2509753BF33}.Debug|x86.ActiveCfg = Debug|x86
		{449C3F10-4887-4F52-BA52-A2509753BF33}.Debug|x86.Build.0 = Debug|x86
		{449C3F10-4887-4F52-BA52-A2509753BF33}.DVD-5|Any CPU.ActiveCfg = Debug|Any CPU
		{449C3F10-4887-4F52-BA52-A2509753BF33}.DVD-5|Any CPU.Build.0 = Debug|Any CPU
		{449C3F10-4887-4F52-BA52-A2509753BF33}.DVD-5|x86.ActiveCfg = Debug|x86
		{449C3F10-4887-4F52-BA52-A2509753BF33}.DVD-5|x86.Build.0 = Debug|x86
		{449C3F10-4887-4F52-BA52-A2509753BF33}.Release|Any CPU.ActiveCfg = Release|Any CPU
		{449C3F10-4887-4F52-BA52-A2509753BF33}.Release|Any CPU.Build.0 = Release|Any CPU
		{449C3F10-4887-4F52-BA52-A2509753BF33}.Release|x86.ActiveCfg = Release|x86
		{449C3F10-4887-4F52-BA52-A2509753BF33}.Release|x86.Build.0 = Release|x86
		{449C3F10-4887-4F52-BA52-A2509753BF33}.SingleImage|Any CPU.ActiveCfg = Release|Any CPU
		{449C3F10-4887-4F52-BA52-A2509753BF33}.SingleImage|Any CPU.Build.0 = Release|Any CPU
		{449C3F10-4887-4F52-BA52-A2509753BF33}.SingleImage|x86.ActiveCfg = Release|x86
		{449C3F10-4887-4F52-BA52-A2509753BF33}.SingleImage|x86.Build.0 = Release|x86
		{82AFADBB-FA0D-4669-B175-264890730C8D}.CD_ROM|Any CPU.ActiveCfg = Release|Any CPU
		{82AFADBB-FA0D-4669-B175-264890730C8D}.CD_ROM|Any CPU.Build.0 = Release|Any CPU
		{82AFADBB-FA0D-4669-B175-264890730C8D}.CD_ROM|x86.ActiveCfg = Release|x86
		{82AFADBB-FA0D-4669-B175-264890730C8D}.CD_ROM|x86.Build.0 = Release|x86
		{82AFADBB-FA0D-4669-B175-264890730C8D}.Debug|Any CPU.ActiveCfg = Debug|Any CPU
		{82AFADBB-FA0D-4669-B175-264890730C8D}.Debug|Any CPU.Build.0 = Debug|Any CPU
		{82AFADBB-FA0D-4669-B175-264890730C8D}.Debug|x86.ActiveCfg = Debug|x86
		{82AFADBB-FA0D-4669-B175-264890730C8D}.Debug|x86.Build.0 = Debug|x86
		{82AFADBB-FA0D-4669-B175-264890730C8D}.DVD-5|Any CPU.ActiveCfg = Debug|Any CPU
		{82AFADBB-FA0D-4669-B175-264890730C8D}.DVD-5|Any CPU.Build.0 = Debug|Any CPU
		{82AFADBB-FA0D-4669-B175-264890730C8D}.DVD-5|x86.ActiveCfg = Debug|x86
		{82AFADBB-FA0D-4669-B175-264890730C8D}.DVD-5|x86.Build.0 = Debug|x86
		{82AFADBB-FA0D-4669-B175-264890730C8D}.Release|Any CPU.ActiveCfg = Release|Any CPU
		{82AFADBB-FA0D-4669-B175-264890730C8D}.Release|Any CPU.Build.0 = Release|Any CPU
		{82AFADBB-FA0D-4669-B175-264890730C8D}.Release|x86.ActiveCfg = Release|x86
		{82AFADBB-FA0D-4669-B175-264890730C8D}.Release|x86.Build.0 = Release|x86
		{82AFADBB-FA0D-4669-B175-264890730C8D}.SingleImage|Any CPU.ActiveCfg = Release|Any CPU
		{82AFADBB-FA0D-4669-B175-264890730C8D}.SingleImage|Any CPU.Build.0 = Release|Any CPU
		{82AFADBB-FA0D-4669-B175-264890730C8D}.SingleImage|x86.ActiveCfg = Release|x86
		{82AFADBB-FA0D-4669-B175-264890730C8D}.SingleImage|x86.Build.0 = Release|x86
		{C0AF6461-6619-4A45-A00D-A27C0AAF3852}.CD_ROM|Any CPU.ActiveCfg = Release|Any CPU
		{C0AF6461-6619-4A45-A00D-A27C0AAF3852}.CD_ROM|Any CPU.Build.0 = Release|Any CPU
		{C0AF6461-6619-4A45-A00D-A27C0AAF3852}.CD_ROM|x86.ActiveCfg = Release|x86
		{C0AF6461-6619-4A45-A00D-A27C0AAF3852}.CD_ROM|x86.Build.0 = Release|x86
		{C0AF6461-6619-4A45-A00D-A27C0AAF3852}.Debug|Any CPU.ActiveCfg = Debug|Any CPU
		{C0AF6461-6619-4A45-A00D-A27C0AAF3852}.Debug|Any CPU.Build.0 = Debug|Any CPU
		{C0AF6461-6619-4A45-A00D-A27C0AAF3852}.Debug|x86.ActiveCfg = Debug|x86
		{C0AF6461-6619-4A45-A00D-A27C0AAF3852}.Debug|x86.Build.0 = Debug|x86
		{C0AF6461-6619-4A45-A00D-A27C0AAF3852}.DVD-5|Any CPU.ActiveCfg = Debug|Any CPU
		{C0AF6461-6619-4A45-A00D-A27C0AAF3852}.DVD-5|Any CPU.Build.0 = Debug|Any CPU
		{C0AF6461-6619-4A45-A00D-A27C0AAF3852}.DVD-5|x86.ActiveCfg = Debug|x86
		{C0AF6461-6619-4A45-A00D-A27C0AAF3852}.DVD-5|x86.Build.0 = Debug|x86
		{C0AF6461-6619-4A45-A00D-A27C0AAF3852}.Release|Any CPU.ActiveCfg = Release|Any CPU
		{C0AF6461-6619-4A45-A00D-A27C0AAF3852}.Release|Any CPU.Build.0 = Release|Any CPU
		{C0AF6461-6619-4A45-A00D-A27C0AAF3852}.Release|x86.ActiveCfg = Release|x86
		{C0AF6461-6619-4A45-A00D-A27C0AAF3852}.Release|x86.Build.0 = Release|x86
		{C0AF6461-6619-4A45-A00D-A27C0AAF3852}.SingleImage|Any CPU.ActiveCfg = Release|Any CPU
		{C0AF6461-6619-4A45-A00D-A27C0AAF3852}.SingleImage|Any CPU.Build.0 = Release|Any CPU
		{C0AF6461-6619-4A45-A00D-A27C0AAF3852}.SingleImage|x86.ActiveCfg = Release|x86
		{C0AF6461-6619-4A45-A00D-A27C0AAF3852}.SingleImage|x86.Build.0 = Release|x86
	EndGlobalSection
	GlobalSection(SolutionProperties) = preSolution
		HideSolutionNode = FALSE
	EndGlobalSection
EndGlobal
